// !$*UTF8*$!
{
	archiveVersion = 1;
	classes = {
	};
	objectVersion = 56;
	objects = {

/* Begin PBXBuildFile section */
		5D3B24882A53346100D06C34 /* ExploreViewController.swift in Sources */ = {isa = PBXBuildFile; fileRef = 5D3B24872A53346100D06C34 /* ExploreViewController.swift */; };
		5DA006B72A368AB70085D898 /* AppDelegate.swift in Sources */ = {isa = PBXBuildFile; fileRef = 5DA006B62A368AB70085D898 /* AppDelegate.swift */; };
		5DA006B92A368AB70085D898 /* SceneDelegate.swift in Sources */ = {isa = PBXBuildFile; fileRef = 5DA006B82A368AB70085D898 /* SceneDelegate.swift */; };
		5DA006BE2A368AB70085D898 /* Main.storyboard in Resources */ = {isa = PBXBuildFile; fileRef = 5DA006BC2A368AB70085D898 /* Main.storyboard */; };
		5DA006C02A368ABA0085D898 /* Assets.xcassets in Resources */ = {isa = PBXBuildFile; fileRef = 5DA006BF2A368ABA0085D898 /* Assets.xcassets */; };
		5DA006C32A368ABA0085D898 /* LaunchScreen.storyboard in Resources */ = {isa = PBXBuildFile; fileRef = 5DA006C12A368ABA0085D898 /* LaunchScreen.storyboard */; };
		5DA006CF2A3711AE0085D898 /* AccountSetupViewController.swift in Sources */ = {isa = PBXBuildFile; fileRef = 5DA006CE2A3711AE0085D898 /* AccountSetupViewController.swift */; };
		5DA006D12A3717B60085D898 /* HomeViewController.swift in Sources */ = {isa = PBXBuildFile; fileRef = 5DA006D02A3717B60085D898 /* HomeViewController.swift */; };
		5DA006D32A3718690085D898 /* NavigationHelper.swift in Sources */ = {isa = PBXBuildFile; fileRef = 5DA006D22A3718690085D898 /* NavigationHelper.swift */; };
		5DA006D52A37193A0085D898 /* TermsViewController.swift in Sources */ = {isa = PBXBuildFile; fileRef = 5DA006D42A37193A0085D898 /* TermsViewController.swift */; };
		5DA006D72A3731A80085D898 /* RegisterCompletedViewController.swift in Sources */ = {isa = PBXBuildFile; fileRef = 5DA006D62A3731A80085D898 /* RegisterCompletedViewController.swift */; };
		5DA006DA2A37CC480085D898 /* CountryModel.swift in Sources */ = {isa = PBXBuildFile; fileRef = 5DA006D92A37CC480085D898 /* CountryModel.swift */; };
		5DA006DD2A37CC9C0085D898 /* Database.swift in Sources */ = {isa = PBXBuildFile; fileRef = 5DA006DC2A37CC9C0085D898 /* Database.swift */; };
		5DA006E12A37CD2D0085D898 /* CountryCell.swift in Sources */ = {isa = PBXBuildFile; fileRef = 5DA006DF2A37CD2D0085D898 /* CountryCell.swift */; };
		5DA006E22A37CD2D0085D898 /* CountryCell.xib in Resources */ = {isa = PBXBuildFile; fileRef = 5DA006E02A37CD2D0085D898 /* CountryCell.xib */; };
		5DA006E52A3918730085D898 /* LocationCell.swift in Sources */ = {isa = PBXBuildFile; fileRef = 5DA006E32A3918730085D898 /* LocationCell.swift */; };
		5DA006E62A3918730085D898 /* LocationCell.xib in Resources */ = {isa = PBXBuildFile; fileRef = 5DA006E42A3918730085D898 /* LocationCell.xib */; };
		5DA006E82A391BB20085D898 /* CountryViewController.swift in Sources */ = {isa = PBXBuildFile; fileRef = 5DA006E72A391BB20085D898 /* CountryViewController.swift */; };
/* End PBXBuildFile section */

/* Begin PBXFileReference section */
		5D3B24872A53346100D06C34 /* ExploreViewController.swift */ = {isa = PBXFileReference; lastKnownFileType = sourcecode.swift; path = ExploreViewController.swift; sourceTree = "<group>"; };
		5DA006B32A368AB70085D898 /* WonderWesternBalkan.app */ = {isa = PBXFileReference; explicitFileType = wrapper.application; includeInIndex = 0; path = WonderWesternBalkan.app; sourceTree = BUILT_PRODUCTS_DIR; };
		5DA006B62A368AB70085D898 /* AppDelegate.swift */ = {isa = PBXFileReference; lastKnownFileType = sourcecode.swift; path = AppDelegate.swift; sourceTree = "<group>"; };
		5DA006B82A368AB70085D898 /* SceneDelegate.swift */ = {isa = PBXFileReference; lastKnownFileType = sourcecode.swift; path = SceneDelegate.swift; sourceTree = "<group>"; };
		5DA006BD2A368AB70085D898 /* Base */ = {isa = PBXFileReference; lastKnownFileType = file.storyboard; name = Base; path = Base.lproj/Main.storyboard; sourceTree = "<group>"; };
		5DA006BF2A368ABA0085D898 /* Assets.xcassets */ = {isa = PBXFileReference; lastKnownFileType = folder.assetcatalog; path = Assets.xcassets; sourceTree = "<group>"; };
		5DA006C22A368ABA0085D898 /* Base */ = {isa = PBXFileReference; lastKnownFileType = file.storyboard; name = Base; path = Base.lproj/LaunchScreen.storyboard; sourceTree = "<group>"; };
		5DA006C42A368ABA0085D898 /* Info.plist */ = {isa = PBXFileReference; lastKnownFileType = text.plist.xml; path = Info.plist; sourceTree = "<group>"; };
		5DA006CE2A3711AE0085D898 /* AccountSetupViewController.swift */ = {isa = PBXFileReference; lastKnownFileType = sourcecode.swift; path = AccountSetupViewController.swift; sourceTree = "<group>"; };
		5DA006D02A3717B60085D898 /* HomeViewController.swift */ = {isa = PBXFileReference; lastKnownFileType = sourcecode.swift; path = HomeViewController.swift; sourceTree = "<group>"; };
		5DA006D22A3718690085D898 /* NavigationHelper.swift */ = {isa = PBXFileReference; lastKnownFileType = sourcecode.swift; path = NavigationHelper.swift; sourceTree = "<group>"; };
		5DA006D42A37193A0085D898 /* TermsViewController.swift */ = {isa = PBXFileReference; lastKnownFileType = sourcecode.swift; path = TermsViewController.swift; sourceTree = "<group>"; };
		5DA006D62A3731A80085D898 /* RegisterCompletedViewController.swift */ = {isa = PBXFileReference; lastKnownFileType = sourcecode.swift; path = RegisterCompletedViewController.swift; sourceTree = "<group>"; };
		5DA006D92A37CC480085D898 /* CountryModel.swift */ = {isa = PBXFileReference; lastKnownFileType = sourcecode.swift; path = CountryModel.swift; sourceTree = "<group>"; };
		5DA006DC2A37CC9C0085D898 /* Database.swift */ = {isa = PBXFileReference; lastKnownFileType = sourcecode.swift; path = Database.swift; sourceTree = "<group>"; };
		5DA006DF2A37CD2D0085D898 /* CountryCell.swift */ = {isa = PBXFileReference; lastKnownFileType = sourcecode.swift; path = CountryCell.swift; sourceTree = "<group>"; };
		5DA006E02A37CD2D0085D898 /* CountryCell.xib */ = {isa = PBXFileReference; lastKnownFileType = file.xib; path = CountryCell.xib; sourceTree = "<group>"; };
		5DA006E32A3918730085D898 /* LocationCell.swift */ = {isa = PBXFileReference; lastKnownFileType = sourcecode.swift; path = LocationCell.swift; sourceTree = "<group>"; };
		5DA006E42A3918730085D898 /* LocationCell.xib */ = {isa = PBXFileReference; lastKnownFileType = file.xib; path = LocationCell.xib; sourceTree = "<group>"; };
		5DA006E72A391BB20085D898 /* CountryViewController.swift */ = {isa = PBXFileReference; lastKnownFileType = sourcecode.swift; path = CountryViewController.swift; sourceTree = "<group>"; };
/* End PBXFileReference section */

/* Begin PBXFrameworksBuildPhase section */
		5DA006B02A368AB70085D898 /* Frameworks */ = {
			isa = PBXFrameworksBuildPhase;
			buildActionMask = 2147483647;
			files = (
			);
			runOnlyForDeploymentPostprocessing = 0;
		};
/* End PBXFrameworksBuildPhase section */

/* Begin PBXGroup section */
		5DA006AA2A368AB70085D898 = {
			isa = PBXGroup;
			children = (
				5DA006B52A368AB70085D898 /* WonderWesternBalkan */,
				5DA006B42A368AB70085D898 /* Products */,
			);
			sourceTree = "<group>";
		};
		5DA006B42A368AB70085D898 /* Products */ = {
			isa = PBXGroup;
			children = (
				5DA006B32A368AB70085D898 /* WonderWesternBalkan.app */,
			);
			name = Products;
			sourceTree = "<group>";
		};
		5DA006B52A368AB70085D898 /* WonderWesternBalkan */ = {
			isa = PBXGroup;
			children = (
				5DA006B62A368AB70085D898 /* AppDelegate.swift */,
				5DA006B82A368AB70085D898 /* SceneDelegate.swift */,
				5DA006D82A37CBBD0085D898 /* Helpers */,
				5DA006DB2A37CC870085D898 /* Data */,
				5DA006CB2A3711680085D898 /* Model */,
				5DA006CA2A3711630085D898 /* UI */,
				5DA006CC2A3711810085D898 /* ViewControllers */,
				5DA006CD2A37118D0085D898 /* Resources */,
				5DA006C42A368ABA0085D898 /* Info.plist */,
			);
			path = WonderWesternBalkan;
			sourceTree = "<group>";
		};
		5DA006CA2A3711630085D898 /* UI */ = {
			isa = PBXGroup;
			children = (
				5DA006BC2A368AB70085D898 /* Main.storyboard */,
				5DA006C12A368ABA0085D898 /* LaunchScreen.storyboard */,
				5DA006DE2A37CD160085D898 /* Xib */,
			);
			path = UI;
			sourceTree = "<group>";
		};
		5DA006CB2A3711680085D898 /* Model */ = {
			isa = PBXGroup;
			children = (
				5DA006D92A37CC480085D898 /* CountryModel.swift */,
			);
			path = Model;
			sourceTree = "<group>";
		};
		5DA006CC2A3711810085D898 /* ViewControllers */ = {
			isa = PBXGroup;
			children = (
				5DA006CE2A3711AE0085D898 /* AccountSetupViewController.swift */,
				5DA006D42A37193A0085D898 /* TermsViewController.swift */,
				5DA006D62A3731A80085D898 /* RegisterCompletedViewController.swift */,
				5DA006D02A3717B60085D898 /* HomeViewController.swift */,
				5DA006E72A391BB20085D898 /* CountryViewController.swift */,
				5D3B24872A53346100D06C34 /* ExploreViewController.swift */,
			);
			path = ViewControllers;
			sourceTree = "<group>";
		};
		5DA006CD2A37118D0085D898 /* Resources */ = {
			isa = PBXGroup;
			children = (
				5DA006BF2A368ABA0085D898 /* Assets.xcassets */,
			);
			path = Resources;
			sourceTree = "<group>";
		};
		5DA006D82A37CBBD0085D898 /* Helpers */ = {
			isa = PBXGroup;
			children = (
				5DA006D22A3718690085D898 /* NavigationHelper.swift */,
			);
			path = Helpers;
			sourceTree = "<group>";
		};
		5DA006DB2A37CC870085D898 /* Data */ = {
			isa = PBXGroup;
			children = (
				5DA006DC2A37CC9C0085D898 /* Database.swift */,
			);
			path = Data;
			sourceTree = "<group>";
		};
		5DA006DE2A37CD160085D898 /* Xib */ = {
			isa = PBXGroup;
			children = (
				5DA006DF2A37CD2D0085D898 /* CountryCell.swift */,
				5DA006E02A37CD2D0085D898 /* CountryCell.xib */,
				5DA006E32A3918730085D898 /* LocationCell.swift */,
				5DA006E42A3918730085D898 /* LocationCell.xib */,
			);
			path = Xib;
			sourceTree = "<group>";
		};
/* End PBXGroup section */

/* Begin PBXNativeTarget section */
		5DA006B22A368AB70085D898 /* WonderWesternBalkan */ = {
			isa = PBXNativeTarget;
			buildConfigurationList = 5DA006C72A368ABA0085D898 /* Build configuration list for PBXNativeTarget "WonderWesternBalkan" */;
			buildPhases = (
				5DA006AF2A368AB70085D898 /* Sources */,
				5DA006B02A368AB70085D898 /* Frameworks */,
				5DA006B12A368AB70085D898 /* Resources */,
			);
			buildRules = (
			);
			dependencies = (
			);
			name = WonderWesternBalkan;
			productName = WonderWesternBalkan;
			productReference = 5DA006B32A368AB70085D898 /* WonderWesternBalkan.app */;
			productType = "com.apple.product-type.application";
		};
/* End PBXNativeTarget section */

/* Begin PBXProject section */
		5DA006AB2A368AB70085D898 /* Project object */ = {
			isa = PBXProject;
			attributes = {
				BuildIndependentTargetsInParallel = 1;
				LastSwiftUpdateCheck = 1430;
				LastUpgradeCheck = 1430;
				TargetAttributes = {
					5DA006B22A368AB70085D898 = {
						CreatedOnToolsVersion = 14.3;
					};
				};
			};
			buildConfigurationList = 5DA006AE2A368AB70085D898 /* Build configuration list for PBXProject "WonderWesternBalkan" */;
			compatibilityVersion = "Xcode 14.0";
			developmentRegion = en;
			hasScannedForEncodings = 0;
			knownRegions = (
				en,
				Base,
			);
			mainGroup = 5DA006AA2A368AB70085D898;
			productRefGroup = 5DA006B42A368AB70085D898 /* Products */;
			projectDirPath = "";
			projectRoot = "";
			targets = (
				5DA006B22A368AB70085D898 /* WonderWesternBalkan */,
			);
		};
/* End PBXProject section */

/* Begin PBXResourcesBuildPhase section */
		5DA006B12A368AB70085D898 /* Resources */ = {
			isa = PBXResourcesBuildPhase;
			buildActionMask = 2147483647;
			files = (
				5DA006E62A3918730085D898 /* LocationCell.xib in Resources */,
				5DA006E22A37CD2D0085D898 /* CountryCell.xib in Resources */,
				5DA006C32A368ABA0085D898 /* LaunchScreen.storyboard in Resources */,
				5DA006C02A368ABA0085D898 /* Assets.xcassets in Resources */,
				5DA006BE2A368AB70085D898 /* Main.storyboard in Resources */,
			);
			runOnlyForDeploymentPostprocessing = 0;
		};
/* End PBXResourcesBuildPhase section */

/* Begin PBXSourcesBuildPhase section */
		5DA006AF2A368AB70085D898 /* Sources */ = {
			isa = PBXSourcesBuildPhase;
			buildActionMask = 2147483647;
			files = (
				5DA006D32A3718690085D898 /* NavigationHelper.swift in Sources */,
				5DA006B72A368AB70085D898 /* AppDelegate.swift in Sources */,
				5DA006E12A37CD2D0085D898 /* CountryCell.swift in Sources */,
				5DA006DA2A37CC480085D898 /* CountryModel.swift in Sources */,
				5DA006D72A3731A80085D898 /* RegisterCompletedViewController.swift in Sources */,
				5DA006CF2A3711AE0085D898 /* AccountSetupViewController.swift in Sources */,
				5DA006E52A3918730085D898 /* LocationCell.swift in Sources */,
				5DA006B92A368AB70085D898 /* SceneDelegate.swift in Sources */,
				5DA006DD2A37CC9C0085D898 /* Database.swift in Sources */,
				5DA006E82A391BB20085D898 /* CountryViewController.swift in Sources */,
				5D3B24882A53346100D06C34 /* ExploreViewController.swift in Sources */,
				5DA006D52A37193A0085D898 /* TermsViewController.swift in Sources */,
				5DA006D12A3717B60085D898 /* HomeViewController.swift in Sources */,
			);
			runOnlyForDeploymentPostprocessing = 0;
		};
/* End PBXSourcesBuildPhase section */

/* Begin PBXVariantGroup section */
		5DA006BC2A368AB70085D898 /* Main.storyboard */ = {
			isa = PBXVariantGroup;
			children = (
				5DA006BD2A368AB70085D898 /* Base */,
			);
			name = Main.storyboard;
			sourceTree = "<group>";
		};
		5DA006C12A368ABA0085D898 /* LaunchScreen.storyboard */ = {
			isa = PBXVariantGroup;
			children = (
				5DA006C22A368ABA0085D898 /* Base */,
			);
			name = LaunchScreen.storyboard;
			sourceTree = "<group>";
		};
/* End PBXVariantGroup section */

/* Begin XCBuildConfiguration section */
		5DA006C52A368ABA0085D898 /* Debug */ = {
			isa = XCBuildConfiguration;
			buildSettings = {
				ALWAYS_SEARCH_USER_PATHS = NO;
				CLANG_ANALYZER_NONNULL = YES;
				CLANG_ANALYZER_NUMBER_OBJECT_CONVERSION = YES_AGGRESSIVE;
				CLANG_CXX_LANGUAGE_STANDARD = "gnu++20";
				CLANG_ENABLE_MODULES = YES;
				CLANG_ENABLE_OBJC_ARC = YES;
				CLANG_ENABLE_OBJC_WEAK = YES;
				CLANG_WARN_BLOCK_CAPTURE_AUTORELEASING = YES;
				CLANG_WARN_BOOL_CONVERSION = YES;
				CLANG_WARN_COMMA = YES;
				CLANG_WARN_CONSTANT_CONVERSION = YES;
				CLANG_WARN_DEPRECATED_OBJC_IMPLEMENTATIONS = YES;
				CLANG_WARN_DIRECT_OBJC_ISA_USAGE = YES_ERROR;
				CLANG_WARN_DOCUMENTATION_COMMENTS = YES;
				CLANG_WARN_EMPTY_BODY = YES;
				CLANG_WARN_ENUM_CONVERSION = YES;
				CLANG_WARN_INFINITE_RECURSION = YES;
				CLANG_WARN_INT_CONVERSION = YES;
				CLANG_WARN_NON_LITERAL_NULL_CONVERSION = YES;
				CLANG_WARN_OBJC_IMPLICIT_RETAIN_SELF = YES;
				CLANG_WARN_OBJC_LITERAL_CONVERSION = YES;
				CLANG_WARN_OBJC_ROOT_CLASS = YES_ERROR;
				CLANG_WARN_QUOTED_INCLUDE_IN_FRAMEWORK_HEADER = YES;
				CLANG_WARN_RANGE_LOOP_ANALYSIS = YES;
				CLANG_WARN_STRICT_PROTOTYPES = YES;
				CLANG_WARN_SUSPICIOUS_MOVE = YES;
				CLANG_WARN_UNGUARDED_AVAILABILITY = YES_AGGRESSIVE;
				CLANG_WARN_UNREACHABLE_CODE = YES;
				CLANG_WARN__DUPLICATE_METHOD_MATCH = YES;
				COPY_PHASE_STRIP = NO;
				DEBUG_INFORMATION_FORMAT = dwarf;
				ENABLE_STRICT_OBJC_MSGSEND = YES;
				ENABLE_TESTABILITY = YES;
				GCC_C_LANGUAGE_STANDARD = gnu11;
				GCC_DYNAMIC_NO_PIC = NO;
				GCC_NO_COMMON_BLOCKS = YES;
				GCC_OPTIMIZATION_LEVEL = 0;
				GCC_PREPROCESSOR_DEFINITIONS = (
					"DEBUG=1",
					"$(inherited)",
				);
				GCC_WARN_64_TO_32_BIT_CONVERSION = YES;
				GCC_WARN_ABOUT_RETURN_TYPE = YES_ERROR;
				GCC_WARN_UNDECLARED_SELECTOR = YES;
				GCC_WARN_UNINITIALIZED_AUTOS = YES_AGGRESSIVE;
				GCC_WARN_UNUSED_FUNCTION = YES;
				GCC_WARN_UNUSED_VARIABLE = YES;
				IPHONEOS_DEPLOYMENT_TARGET = 16.4;
				MTL_ENABLE_DEBUG_INFO = INCLUDE_SOURCE;
				MTL_FAST_MATH = YES;
				ONLY_ACTIVE_ARCH = YES;
				SDKROOT = iphoneos;
				SWIFT_ACTIVE_COMPILATION_CONDITIONS = DEBUG;
				SWIFT_OPTIMIZATION_LEVEL = "-Onone";
			};
			name = Debug;
		};
		5DA006C62A368ABA0085D898 /* Release */ = {
			isa = XCBuildConfiguration;
			buildSettings = {
				ALWAYS_SEARCH_USER_PATHS = NO;
				CLANG_ANALYZER_NONNULL = YES;
				CLANG_ANALYZER_NUMBER_OBJECT_CONVERSION = YES_AGGRESSIVE;
				CLANG_CXX_LANGUAGE_STANDARD = "gnu++20";
				CLANG_ENABLE_MODULES = YES;
				CLANG_ENABLE_OBJC_ARC = YES;
				CLANG_ENABLE_OBJC_WEAK = YES;
				CLANG_WARN_BLOCK_CAPTURE_AUTORELEASING = YES;
				CLANG_WARN_BOOL_CONVERSION = YES;
				CLANG_WARN_COMMA = YES;
				CLANG_WARN_CONSTANT_CONVERSION = YES;
				CLANG_WARN_DEPRECATED_OBJC_IMPLEMENTATIONS = YES;
				CLANG_WARN_DIRECT_OBJC_ISA_USAGE = YES_ERROR;
				CLANG_WARN_DOCUMENTATION_COMMENTS = YES;
				CLANG_WARN_EMPTY_BODY = YES;
				CLANG_WARN_ENUM_CONVERSION = YES;
				CLANG_WARN_INFINITE_RECURSION = YES;
				CLANG_WARN_INT_CONVERSION = YES;
				CLANG_WARN_NON_LITERAL_NULL_CONVERSION = YES;
				CLANG_WARN_OBJC_IMPLICIT_RETAIN_SELF = YES;
				CLANG_WARN_OBJC_LITERAL_CONVERSION = YES;
				CLANG_WARN_OBJC_ROOT_CLASS = YES_ERROR;
				CLANG_WARN_QUOTED_INCLUDE_IN_FRAMEWORK_HEADER = YES;
				CLANG_WARN_RANGE_LOOP_ANALYSIS = YES;
				CLANG_WARN_STRICT_PROTOTYPES = YES;
				CLANG_WARN_SUSPICIOUS_MOVE = YES;
				CLANG_WARN_UNGUARDED_AVAILABILITY = YES_AGGRESSIVE;
				CLANG_WARN_UNREACHABLE_CODE = YES;
				CLANG_WARN__DUPLICATE_METHOD_MATCH = YES;
				COPY_PHASE_STRIP = NO;
				DEBUG_INFORMATION_FORMAT = "dwarf-with-dsym";
				ENABLE_NS_ASSERTIONS = NO;
				ENABLE_STRICT_OBJC_MSGSEND = YES;
				GCC_C_LANGUAGE_STANDARD = gnu11;
				GCC_NO_COMMON_BLOCKS = YES;
				GCC_WARN_64_TO_32_BIT_CONVERSION = YES;
				GCC_WARN_ABOUT_RETURN_TYPE = YES_ERROR;
				GCC_WARN_UNDECLARED_SELECTOR = YES;
				GCC_WARN_UNINITIALIZED_AUTOS = YES_AGGRESSIVE;
				GCC_WARN_UNUSED_FUNCTION = YES;
				GCC_WARN_UNUSED_VARIABLE = YES;
				IPHONEOS_DEPLOYMENT_TARGET = 16.4;
				MTL_ENABLE_DEBUG_INFO = NO;
				MTL_FAST_MATH = YES;
				SDKROOT = iphoneos;
				SWIFT_COMPILATION_MODE = wholemodule;
				SWIFT_OPTIMIZATION_LEVEL = "-O";
				VALIDATE_PRODUCT = YES;
			};
			name = Release;
		};
		5DA006C82A368ABA0085D898 /* Debug */ = {
			isa = XCBuildConfiguration;
			buildSettings = {
				ASSETCATALOG_COMPILER_APPICON_NAME = AppIcon;
				ASSETCATALOG_COMPILER_GLOBAL_ACCENT_COLOR_NAME = AccentColor;
				CODE_SIGN_STYLE = Automatic;
				CURRENT_PROJECT_VERSION = 1;
				DEVELOPMENT_TEAM = 9F8H29UKYJ;
				GENERATE_INFOPLIST_FILE = YES;
				INFOPLIST_FILE = WonderWesternBalkan/Info.plist;
				INFOPLIST_KEY_UIApplicationSupportsIndirectInputEvents = YES;
				INFOPLIST_KEY_UILaunchStoryboardName = LaunchScreen;
				INFOPLIST_KEY_UIMainStoryboardFile = Main;
				INFOPLIST_KEY_UISupportedInterfaceOrientations_iPad = "UIInterfaceOrientationPortrait UIInterfaceOrientationPortraitUpsideDown UIInterfaceOrientationLandscapeLeft UIInterfaceOrientationLandscapeRight";
				INFOPLIST_KEY_UISupportedInterfaceOrientations_iPhone = "UIInterfaceOrientationPortrait UIInterfaceOrientationLandscapeLeft UIInterfaceOrientationLandscapeRight";
				LD_RUNPATH_SEARCH_PATHS = (
					"$(inherited)",
					"@executable_path/Frameworks",
				);
				MARKETING_VERSION = 1.0;
				PRODUCT_BUNDLE_IDENTIFIER = com.elton.ruhani.WonderWesternBalkan;
				PRODUCT_NAME = "$(TARGET_NAME)";
				SWIFT_EMIT_LOC_STRINGS = YES;
				SWIFT_VERSION = 5.0;
				TARGETED_DEVICE_FAMILY = "1,2";
			};
			name = Debug;
		};
		5DA006C92A368ABA0085D898 /* Release */ = {
			isa = XCBuildConfiguration;
			buildSettings = {
				ASSETCATALOG_COMPILER_APPICON_NAME = AppIcon;
				ASSETCATALOG_COMPILER_GLOBAL_ACCENT_COLOR_NAME = AccentColor;
				CODE_SIGN_STYLE = Automatic;
				CURRENT_PROJECT_VERSION = 1;
				DEVELOPMENT_TEAM = 9F8H29UKYJ;
				GENERATE_INFOPLIST_FILE = YES;
				INFOPLIST_FILE = WonderWesternBalkan/Info.plist;
				INFOPLIST_KEY_UIApplicationSupportsIndirectInputEvents = YES;
				INFOPLIST_KEY_UILaunchStoryboardName = LaunchScreen;
				INFOPLIST_KEY_UIMainStoryboardFile = Main;
				INFOPLIST_KEY_UISupportedInterfaceOrientations_iPad = "UIInterfaceOrientationPortrait UIInterfaceOrientationPortraitUpsideDown UIInterfaceOrientationLandscapeLeft UIInterfaceOrientationLandscapeRight";
				INFOPLIST_KEY_UISupportedInterfaceOrientations_iPhone = "UIInterfaceOrientationPortrait UIInterfaceOrientationLandscapeLeft UIInterfaceOrientationLandscapeRight";
				LD_RUNPATH_SEARCH_PATHS = (
					"$(inherited)",
					"@executable_path/Frameworks",
				);
				MARKETING_VERSION = 1.0;
				PRODUCT_BUNDLE_IDENTIFIER = com.elton.ruhani.WonderWesternBalkan;
				PRODUCT_NAME = "$(TARGET_NAME)";
				SWIFT_EMIT_LOC_STRINGS = YES;
				SWIFT_VERSION = 5.0;
				TARGETED_DEVICE_FAMILY = "1,2";
			};
			name = Release;
		};
/* End XCBuildConfiguration section */

/* Begin XCConfigurationList section */
		5DA006AE2A368AB70085D898 /* Build configuration list for PBXProject "WonderWesternBalkan" */ = {
			isa = XCConfigurationList;
			buildConfigurations = (
				5DA006C52A368ABA0085D898 /* Debug */,
				5DA006C62A368ABA0085D898 /* Release */,
			);
			defaultConfigurationIsVisible = 0;
			defaultConfigurationName = Release;
		};
		5DA006C72A368ABA0085D898 /* Build configuration list for PBXNativeTarget "WonderWesternBalkan" */ = {
			isa = XCConfigurationList;
			buildConfigurations = (
				5DA006C82A368ABA0085D898 /* Debug */,
				5DA006C92A368ABA0085D898 /* Release */,
			);
			defaultConfigurationIsVisible = 0;
			defaultConfigurationName = Release;
		};
/* End XCConfigurationList section */
	};
	rootObject = 5DA006AB2A368AB70085D898 /* Project object */;
}
